
Microsoft Visual Studio Solution File, Format Version 12.00
# Visual Studio Version 17
VisualStudioVersion = 17.11.35312.102
MinimumVisualStudioVersion = 10.0.40219.1
Project("{8BC9CEB8-8B4A-11D0-8D11-00A0C91BC942}") = "IOandLoop", "IOandLoop\IOandLoop.vcxproj", "{6CCD2109-28A1-4D7B-BD6D-713AFEB0D19C}"
EndProject
Project("{8BC9CEB8-8B4A-11D0-8D11-00A0C91BC942}") = "ArrayandString", "ArrayandString\ArrayandString.vcxproj", "{70608FD0-AA3A-40A3-B024-012CB9BDE07B}"
EndProject
Project("{8BC9CEB8-8B4A-11D0-8D11-00A0C91BC942}") = "SortandSearch", "SortandSearch\SortandSearch.vcxproj", "{939F9BB8-16E7-41FD-9938-027FF51E267A}"
EndProject
Project("{8BC9CEB8-8B4A-11D0-8D11-00A0C91BC942}") = "DataStructureContainers", "DataStructureContainers\DataStructureContainers.vcxproj", "{AFB4373A-56BE-4CCF-AFD1-7AAC10EFCE9A}"
EndProject
Project("{8BC9CEB8-8B4A-11D0-8D11-00A0C91BC942}") = "ConstantsandInline", "ConstantsandInline\ConstantsandInline.vcxproj", "{30B24A99-FA4E-4A70-8ED5-FFA01A51974D}"
EndProject
Project("{8BC9CEB8-8B4A-11D0-8D11-00A0C91BC942}") = "ReferenceandPointers", "ReferenceandPointers\ReferenceandPointers.vcxproj", "{6F2D4A11-1545-4B93-AB33-A48B041980A6}"
EndProject
Project("{8BC9CEB8-8B4A-11D0-8D11-00A0C91BC942}") = "FunctionOverloading", "FunctionOverloading\FunctionOverloading.vcxproj", "{73D15427-04A1-4DCF-9766-3663181D9990}"
EndProject
Project("{8BC9CEB8-8B4A-11D0-8D11-00A0C91BC942}") = "OperatorOverloading", "OperatorOverloading\OperatorOverloading.vcxproj", "{DD2FA5C7-D678-4FB2-9A0B-F1671A458539}"
EndProject
Project("{8BC9CEB8-8B4A-11D0-8D11-00A0C91BC942}") = "ExceptionHandling", "ExceptionHandling\ExceptionHandling.vcxproj", "{96E7E043-14A9-4247-B7D1-7E0E3139C0FE}"
EndProject
Global
	GlobalSection(SolutionConfigurationPlatforms) = preSolution
		Debug|x64 = Debug|x64
		Debug|x86 = Debug|x86
		Release|x64 = Release|x64
		Release|x86 = Release|x86
	EndGlobalSection
	GlobalSection(ProjectConfigurationPlatforms) = postSolution
		{6CCD2109-28A1-4D7B-BD6D-713AFEB0D19C}.Debug|x64.ActiveCfg = Debug|x64
		{6CCD2109-28A1-4D7B-BD6D-713AFEB0D19C}.Debug|x64.Build.0 = Debug|x64
		{6CCD2109-28A1-4D7B-BD6D-713AFEB0D19C}.Debug|x86.ActiveCfg = Debug|Win32
		{6CCD2109-28A1-4D7B-BD6D-713AFEB0D19C}.Debug|x86.Build.0 = Debug|Win32
		{6CCD2109-28A1-4D7B-BD6D-713AFEB0D19C}.Release|x64.ActiveCfg = Release|x64
		{6CCD2109-28A1-4D7B-BD6D-713AFEB0D19C}.Release|x64.Build.0 = Release|x64
		{6CCD2109-28A1-4D7B-BD6D-713AFEB0D19C}.Release|x86.ActiveCfg = Release|Win32
		{6CCD2109-28A1-4D7B-BD6D-713AFEB0D19C}.Release|x86.Build.0 = Release|Win32
		{70608FD0-AA3A-40A3-B024-012CB9BDE07B}.Debug|x64.ActiveCfg = Debug|x64
		{70608FD0-AA3A-40A3-B024-012CB9BDE07B}.Debug|x64.Build.0 = Debug|x64
		{70608FD0-AA3A-40A3-B024-012CB9BDE07B}.Debug|x86.ActiveCfg = Debug|Win32
		{70608FD0-AA3A-40A3-B024-012CB9BDE07B}.Debug|x86.Build.0 = Debug|Win32
		{70608FD0-AA3A-40A3-B024-012CB9BDE07B}.Release|x64.ActiveCfg = Release|x64
		{70608FD0-AA3A-40A3-B024-012CB9BDE07B}.Release|x64.Build.0 = Release|x64
		{70608FD0-AA3A-40A3-B024-012CB9BDE07B}.Release|x86.ActiveCfg = Release|Win32
		{70608FD0-AA3A-40A3-B024-012CB9BDE07B}.Release|x86.Build.0 = Release|Win32
		{939F9BB8-16E7-41FD-9938-027FF51E267A}.Debug|x64.ActiveCfg = Debug|x64
		{939F9BB8-16E7-41FD-9938-027FF51E267A}.Debug|x64.Build.0 = Debug|x64
		{939F9BB8-16E7-41FD-9938-027FF51E267A}.Debug|x86.ActiveCfg = Debug|Win32
		{939F9BB8-16E7-41FD-9938-027FF51E267A}.Debug|x86.Build.0 = Debug|Win32
		{939F9BB8-16E7-41FD-9938-027FF51E267A}.Release|x64.ActiveCfg = Release|x64
		{939F9BB8-16E7-41FD-9938-027FF51E267A}.Release|x64.Build.0 = Release|x64
		{939F9BB8-16E7-41FD-9938-027FF51E267A}.Release|x86.ActiveCfg = Release|Win32
		{939F9BB8-16E7-41FD-9938-027FF51E267A}.Release|x86.Build.0 = Release|Win32
		{AFB4373A-56BE-4CCF-AFD1-7AAC10EFCE9A}.Debug|x64.ActiveCfg = Debug|x64
		{AFB4373A-56BE-4CCF-AFD1-7AAC10EFCE9A}.Debug|x64.Build.0 = Debug|x64
		{AFB4373A-56BE-4CCF-AFD1-7AAC10EFCE9A}.Debug|x86.ActiveCfg = Debug|Win32
		{AFB4373A-56BE-4CCF-AFD1-7AAC10EFCE9A}.Debug|x86.Build.0 = Debug|Win32
		{AFB4373A-56BE-4CCF-AFD1-7AAC10EFCE9A}.Release|x64.ActiveCfg = Release|x64
		{AFB4373A-56BE-4CCF-AFD1-7AAC10EFCE9A}.Release|x64.Build.0 = Release|x64
		{AFB4373A-56BE-4CCF-AFD1-7AAC10EFCE9A}.Release|x86.ActiveCfg = Release|Win32
		{AFB4373A-56BE-4CCF-AFD1-7AAC10EFCE9A}.Release|x86.Build.0 = Release|Win32
		{30B24A99-FA4E-4A70-8ED5-FFA01A51974D}.Debug|x64.ActiveCfg = Debug|x64
		{30B24A99-FA4E-4A70-8ED5-FFA01A51974D}.Debug|x64.Build.0 = Debug|x64
		{30B24A99-FA4E-4A70-8ED5-FFA01A51974D}.Debug|x86.ActiveCfg = Debug|Win32
		{30B24A99-FA4E-4A70-8ED5-FFA01A51974D}.Debug|x86.Build.0 = Debug|Win32
		{30B24A99-FA4E-4A70-8ED5-FFA01A51974D}.Release|x64.ActiveCfg = Release|x64
		{30B24A99-FA4E-4A70-8ED5-FFA01A51974D}.Release|x64.Build.0 = Release|x64
		{30B24A99-FA4E-4A70-8ED5-FFA01A51974D}.Release|x86.ActiveCfg = Release|Win32
		{30B24A99-FA4E-4A70-8ED5-FFA01A51974D}.Release|x86.Build.0 = Release|Win32
		{6F2D4A11-1545-4B93-AB33-A48B041980A6}.Debug|x64.ActiveCfg = Debug|x64
		{6F2D4A11-1545-4B93-AB33-A48B041980A6}.Debug|x64.Build.0 = Debug|x64
		{6F2D4A11-1545-4B93-AB33-A48B041980A6}.Debug|x86.ActiveCfg = Debug|Win32
		{6F2D4A11-1545-4B93-AB33-A48B041980A6}.Debug|x86.Build.0 = Debug|Win32
		{6F2D4A11-1545-4B93-AB33-A48B041980A6}.Release|x64.ActiveCfg = Release|x64
		{6F2D4A11-1545-4B93-AB33-A48B041980A6}.Release|x64.Build.0 = Release|x64
		{6F2D4A11-1545-4B93-AB33-A48B041980A6}.Release|x86.ActiveCfg = Release|Win32
		{6F2D4A11-1545-4B93-AB33-A48B041980A6}.Release|x86.Build.0 = Release|Win32
		{73D15427-04A1-4DCF-9766-3663181D9990}.Debug|x64.ActiveCfg = Debug|x64
		{73D15427-04A1-4DCF-9766-3663181D9990}.Debug|x64.Build.0 = Debug|x64
		{73D15427-04A1-4DCF-9766-3663181D9990}.Debug|x86.ActiveCfg = Debug|Win32
		{73D15427-04A1-4DCF-9766-3663181D9990}.Debug|x86.Build.0 = Debug|Win32
		{73D15427-04A1-4DCF-9766-3663181D9990}.Release|x64.ActiveCfg = Release|x64
		{73D15427-04A1-4DCF-9766-3663181D9990}.Release|x64.Build.0 = Release|x64
		{73D15427-04A1-4DCF-9766-3663181D9990}.Release|x86.ActiveCfg = Release|Win32
		{73D15427-04A1-4DCF-9766-3663181D9990}.Release|x86.Build.0 = Release|Win32
		{DD2FA5C7-D678-4FB2-9A0B-F1671A458539}.Debug|x64.ActiveCfg = Debug|x64
		{DD2FA5C7-D678-4FB2-9A0B-F1671A458539}.Debug|x64.Build.0 = Debug|x64
		{DD2FA5C7-D678-4FB2-9A0B-F1671A458539}.Debug|x86.ActiveCfg = Debug|Win32
		{DD2FA5C7-D678-4FB2-9A0B-F1671A458539}.Debug|x86.Build.0 = Debug|Win32
		{DD2FA5C7-D678-4FB2-9A0B-F1671A458539}.Release|x64.ActiveCfg = Release|x64
		{DD2FA5C7-D678-4FB2-9A0B-F1671A458539}.Release|x64.Build.0 = Release|x64
		{DD2FA5C7-D678-4FB2-9A0B-F1671A458539}.Release|x86.ActiveCfg = Release|Win32
		{DD2FA5C7-D678-4FB2-9A0B-F1671A458539}.Release|x86.Build.0 = Release|Win32
		{96E7E043-14A9-4247-B7D1-7E0E3139C0FE}.Debug|x64.ActiveCfg = Debug|x64
		{96E7E043-14A9-4247-B7D1-7E0E3139C0FE}.Debug|x64.Build.0 = Debug|x64
		{96E7E043-14A9-4247-B7D1-7E0E3139C0FE}.Debug|x86.ActiveCfg = Debug|Win32
		{96E7E043-14A9-4247-B7D1-7E0E3139C0FE}.Debug|x86.Build.0 = Debug|Win32
		{96E7E043-14A9-4247-B7D1-7E0E3139C0FE}.Release|x64.ActiveCfg = Release|x64
		{96E7E043-14A9-4247-B7D1-7E0E3139C0FE}.Release|x64.Build.0 = Release|x64
		{96E7E043-14A9-4247-B7D1-7E0E3139C0FE}.Release|x86.ActiveCfg = Release|Win32
		{96E7E043-14A9-4247-B7D1-7E0E3139C0FE}.Release|x86.Build.0 = Release|Win32
	EndGlobalSection
	GlobalSection(SolutionProperties) = preSolution
		HideSolutionNode = FALSE
	EndGlobalSection
	GlobalSection(ExtensibilityGlobals) = postSolution
		SolutionGuid = {6C9744ED-4482-425F-A3FF-0DFF31C618B4}
	EndGlobalSection
EndGlobal
